PODS:
  - CocoaAsyncSocket (7.6.5)
  - CocoaHTTPServer (2.3):
    - CocoaAsyncSocket
    - CocoaLumberjack
  - CocoaLumberjack (3.7.4):
    - CocoaLumberjack/Core (= 3.7.4)
  - CocoaLumberjack/Core (3.7.4)
  - LCProgressHUD (1.0.8):
    - MBProgressHUD (~> 0.9.2)
  - MBProgressHUD (0.9.2)
  - SSZipArchive (2.4.2)

DEPENDENCIES:
  - CocoaHTTPServer (~> 2.3)
  - LCProgressHUD
  - SSZipArchive

SPEC REPOS:
  trunk:
    - CocoaAsyncSocket
    - CocoaHTTPServer
    - CocoaLumberjack
    - LCProgressHUD
    - MBProgressHUD
    - SSZipArchive

SPEC CHECKSUMS:
  CocoaAsyncSocket: 065fd1e645c7abab64f7a6a2007a48038fdc6a99
  CocoaHTTPServer: 5624681fc3473d43b18202f635f9b3abb013b530
  CocoaLumberjack: 543c79c114dadc3b1aba95641d8738b06b05b646
  LCProgressHUD: c79809d917bf9cc1cd1cdfc4d91a44c8dbfa5692
  MBProgressHUD: 1569cf7ace17a8bac47aabfbb8580a49690386d1
  SSZipArchive: e7b4f3d9e780c2acc1764cd88fbf2de28f26e5b2

PODFILE CHECKSUM: 6bcf8d33ddf0dfebb26dd1f0b3c896aab168c7b8

COCOAPODS: 1.11.2
